// !$*UTF8*$!
{
	archiveVersion = 1;
	classes = {
	};
	objectVersion = 55;
	objects = {

/* Begin PBXBuildFile section */
		3837E52128D00C1E0042F9B7 /* movieCell.swift in Sources */ = {isa = PBXBuildFile; fileRef = 3837E52028D00C1E0042F9B7 /* movieCell.swift */; };
		3837E52428D00F020042F9B7 /* AlamofireImage in Frameworks */ = {isa = PBXBuildFile; productRef = 3837E52328D00F020042F9B7 /* AlamofireImage */; };
		389C34D128CFF7F2004AB86A /* AppDelegate.swift in Sources */ = {isa = PBXBuildFile; fileRef = 389C34D028CFF7F2004AB86A /* AppDelegate.swift */; };
		389C34D328CFF7F2004AB86A /* SceneDelegate.swift in Sources */ = {isa = PBXBuildFile; fileRef = 389C34D228CFF7F2004AB86A /* SceneDelegate.swift */; };
		389C34D528CFF7F2004AB86A /* ViewController.swift in Sources */ = {isa = PBXBuildFile; fileRef = 389C34D428CFF7F2004AB86A /* ViewController.swift */; };
		389C34D828CFF7F2004AB86A /* Main.storyboard in Resources */ = {isa = PBXBuildFile; fileRef = 389C34D628CFF7F2004AB86A /* Main.storyboard */; };
		389C34DA28CFF7F3004AB86A /* Assets.xcassets in Resources */ = {isa = PBXBuildFile; fileRef = 389C34D928CFF7F3004AB86A /* Assets.xcassets */; };
		389C34DD28CFF7F3004AB86A /* LaunchScreen.storyboard in Resources */ = {isa = PBXBuildFile; fileRef = 389C34DB28CFF7F3004AB86A /* LaunchScreen.storyboard */; };
		389C34E828CFF7F3004AB86A /* flixsterTests.swift in Sources */ = {isa = PBXBuildFile; fileRef = 389C34E728CFF7F3004AB86A /* flixsterTests.swift */; };
		389C34F228CFF7F3004AB86A /* flixsterUITests.swift in Sources */ = {isa = PBXBuildFile; fileRef = 389C34F128CFF7F3004AB86A /* flixsterUITests.swift */; };
		389C34F428CFF7F3004AB86A /* flixsterUITestsLaunchTests.swift in Sources */ = {isa = PBXBuildFile; fileRef = 389C34F328CFF7F3004AB86A /* flixsterUITestsLaunchTests.swift */; };
		675FB6828094EB7CE2D8D6B9 /* Pods_flixster.framework in Frameworks */ = {isa = PBXBuildFile; fileRef = 07F6FF04F5B666CAFFD82B00 /* Pods_flixster.framework */; };
		D3F69CC54E535AD414FD3194 /* Pods_flixsterTests.framework in Frameworks */ = {isa = PBXBuildFile; fileRef = EFCE2C19770C15522D604666 /* Pods_flixsterTests.framework */; };
		DBFA8539B725342C4F743E4F /* Pods_flixster_flixsterUITests.framework in Frameworks */ = {isa = PBXBuildFile; fileRef = E98BAE73C095092212051831 /* Pods_flixster_flixsterUITests.framework */; };
/* End PBXBuildFile section */

/* Begin PBXContainerItemProxy section */
		389C34E428CFF7F3004AB86A /* PBXContainerItemProxy */ = {
			isa = PBXContainerItemProxy;
			containerPortal = 389C34C528CFF7F2004AB86A /* Project object */;
			proxyType = 1;
			remoteGlobalIDString = 389C34CC28CFF7F2004AB86A;
			remoteInfo = flixster;
		};
		389C34EE28CFF7F3004AB86A /* PBXContainerItemProxy */ = {
			isa = PBXContainerItemProxy;
			containerPortal = 389C34C528CFF7F2004AB86A /* Project object */;
			proxyType = 1;
			remoteGlobalIDString = 389C34CC28CFF7F2004AB86A;
			remoteInfo = flixster;
		};
/* End PBXContainerItemProxy section */

/* Begin PBXFileReference section */
		07F6FF04F5B666CAFFD82B00 /* Pods_flixster.framework */ = {isa = PBXFileReference; explicitFileType = wrapper.framework; includeInIndex = 0; path = Pods_flixster.framework; sourceTree = BUILT_PRODUCTS_DIR; };
		239FE6292EE1BA23F8D0AE3F /* Pods-flixster-flixsterUITests.release.xcconfig */ = {isa = PBXFileReference; includeInIndex = 1; lastKnownFileType = text.xcconfig; name = "Pods-flixster-flixsterUITests.release.xcconfig"; path = "Target Support Files/Pods-flixster-flixsterUITests/Pods-flixster-flixsterUITests.release.xcconfig"; sourceTree = "<group>"; };
		26EDDEFD052FB60A631DA5D0 /* Pods-flixsterTests.release.xcconfig */ = {isa = PBXFileReference; includeInIndex = 1; lastKnownFileType = text.xcconfig; name = "Pods-flixsterTests.release.xcconfig"; path = "Target Support Files/Pods-flixsterTests/Pods-flixsterTests.release.xcconfig"; sourceTree = "<group>"; };
		3837E52028D00C1E0042F9B7 /* movieCell.swift */ = {isa = PBXFileReference; lastKnownFileType = sourcecode.swift; path = movieCell.swift; sourceTree = "<group>"; };
		389C34CD28CFF7F2004AB86A /* flixster.app */ = {isa = PBXFileReference; explicitFileType = wrapper.application; includeInIndex = 0; path = flixster.app; sourceTree = BUILT_PRODUCTS_DIR; };
		389C34D028CFF7F2004AB86A /* AppDelegate.swift */ = {isa = PBXFileReference; lastKnownFileType = sourcecode.swift; path = AppDelegate.swift; sourceTree = "<group>"; };
		389C34D228CFF7F2004AB86A /* SceneDelegate.swift */ = {isa = PBXFileReference; lastKnownFileType = sourcecode.swift; path = SceneDelegate.swift; sourceTree = "<group>"; };
		389C34D428CFF7F2004AB86A /* ViewController.swift */ = {isa = PBXFileReference; lastKnownFileType = sourcecode.swift; path = ViewController.swift; sourceTree = "<group>"; };
		389C34D728CFF7F2004AB86A /* Base */ = {isa = PBXFileReference; lastKnownFileType = file.storyboard; name = Base; path = Base.lproj/Main.storyboard; sourceTree = "<group>"; };
		389C34D928CFF7F3004AB86A /* Assets.xcassets */ = {isa = PBXFileReference; lastKnownFileType = folder.assetcatalog; path = Assets.xcassets; sourceTree = "<group>"; };
		389C34DC28CFF7F3004AB86A /* Base */ = {isa = PBXFileReference; lastKnownFileType = file.storyboard; name = Base; path = Base.lproj/LaunchScreen.storyboard; sourceTree = "<group>"; };
		389C34DE28CFF7F3004AB86A /* Info.plist */ = {isa = PBXFileReference; lastKnownFileType = text.plist.xml; path = Info.plist; sourceTree = "<group>"; };
		389C34E328CFF7F3004AB86A /* flixsterTests.xctest */ = {isa = PBXFileReference; explicitFileType = wrapper.cfbundle; includeInIndex = 0; path = flixsterTests.xctest; sourceTree = BUILT_PRODUCTS_DIR; };
		389C34E728CFF7F3004AB86A /* flixsterTests.swift */ = {isa = PBXFileReference; lastKnownFileType = sourcecode.swift; path = flixsterTests.swift; sourceTree = "<group>"; };
		389C34ED28CFF7F3004AB86A /* flixsterUITests.xctest */ = {isa = PBXFileReference; explicitFileType = wrapper.cfbundle; includeInIndex = 0; path = flixsterUITests.xctest; sourceTree = BUILT_PRODUCTS_DIR; };
		389C34F128CFF7F3004AB86A /* flixsterUITests.swift */ = {isa = PBXFileReference; lastKnownFileType = sourcecode.swift; path = flixsterUITests.swift; sourceTree = "<group>"; };
		389C34F328CFF7F3004AB86A /* flixsterUITestsLaunchTests.swift */ = {isa = PBXFileReference; lastKnownFileType = sourcecode.swift; path = flixsterUITestsLaunchTests.swift; sourceTree = "<group>"; };
		39A4445AF6205D454EF07A06 /* Pods-flixster-flixsterUITests.debug.xcconfig */ = {isa = PBXFileReference; includeInIndex = 1; lastKnownFileType = text.xcconfig; name = "Pods-flixster-flixsterUITests.debug.xcconfig"; path = "Target Support Files/Pods-flixster-flixsterUITests/Pods-flixster-flixsterUITests.debug.xcconfig"; sourceTree = "<group>"; };
		4283087D5E40C882B0DE4065 /* Pods-flixster.debug.xcconfig */ = {isa = PBXFileReference; includeInIndex = 1; lastKnownFileType = text.xcconfig; name = "Pods-flixster.debug.xcconfig"; path = "Target Support Files/Pods-flixster/Pods-flixster.debug.xcconfig"; sourceTree = "<group>"; };
		5466EF5311170672A4275C12 /* Pods-flixsterTests.debug.xcconfig */ = {isa = PBXFileReference; includeInIndex = 1; lastKnownFileType = text.xcconfig; name = "Pods-flixsterTests.debug.xcconfig"; path = "Target Support Files/Pods-flixsterTests/Pods-flixsterTests.debug.xcconfig"; sourceTree = "<group>"; };
		9611DA0ADAD1ACC15AF80C68 /* Pods-flixster.release.xcconfig */ = {isa = PBXFileReference; includeInIndex = 1; lastKnownFileType = text.xcconfig; name = "Pods-flixster.release.xcconfig"; path = "Target Support Files/Pods-flixster/Pods-flixster.release.xcconfig"; sourceTree = "<group>"; };
		E98BAE73C095092212051831 /* Pods_flixster_flixsterUITests.framework */ = {isa = PBXFileReference; explicitFileType = wrapper.framework; includeInIndex = 0; path = Pods_flixster_flixsterUITests.framework; sourceTree = BUILT_PRODUCTS_DIR; };
		EFCE2C19770C15522D604666 /* Pods_flixsterTests.framework */ = {isa = PBXFileReference; explicitFileType = wrapper.framework; includeInIndex = 0; path = Pods_flixsterTests.framework; sourceTree = BUILT_PRODUCTS_DIR; };
/* End PBXFileReference section */

/* Begin PBXFrameworksBuildPhase section */
		389C34CA28CFF7F2004AB86A /* Frameworks */ = {
			isa = PBXFrameworksBuildPhase;
			buildActionMask = 2147483647;
			files = (
				3837E52428D00F020042F9B7 /* AlamofireImage in Frameworks */,
				675FB6828094EB7CE2D8D6B9 /* Pods_flixster.framework in Frameworks */,
			);
			runOnlyForDeploymentPostprocessing = 0;
		};
		389C34E028CFF7F3004AB86A /* Frameworks */ = {
			isa = PBXFrameworksBuildPhase;
			buildActionMask = 2147483647;
			files = (
				D3F69CC54E535AD414FD3194 /* Pods_flixsterTests.framework in Frameworks */,
			);
			runOnlyForDeploymentPostprocessing = 0;
		};
		389C34EA28CFF7F3004AB86A /* Frameworks */ = {
			isa = PBXFrameworksBuildPhase;
			buildActionMask = 2147483647;
			files = (
				DBFA8539B725342C4F743E4F /* Pods_flixster_flixsterUITests.framework in Frameworks */,
			);
			runOnlyForDeploymentPostprocessing = 0;
		};
/* End PBXFrameworksBuildPhase section */

/* Begin PBXGroup section */
		389C34C428CFF7F2004AB86A = {
			isa = PBXGroup;
			children = (
				389C34CF28CFF7F2004AB86A /* flixster */,
				389C34E628CFF7F3004AB86A /* flixsterTests */,
				389C34F028CFF7F3004AB86A /* flixsterUITests */,
				389C34CE28CFF7F2004AB86A /* Products */,
				F61150CA4F5BA53EFCF148E0 /* Pods */,
				A4BDA800DF9674644887E5EC /* Frameworks */,
			);
			sourceTree = "<group>";
		};
		389C34CE28CFF7F2004AB86A /* Products */ = {
			isa = PBXGroup;
			children = (
				389C34CD28CFF7F2004AB86A /* flixster.app */,
				389C34E328CFF7F3004AB86A /* flixsterTests.xctest */,
				389C34ED28CFF7F3004AB86A /* flixsterUITests.xctest */,
			);
			name = Products;
			sourceTree = "<group>";
		};
		389C34CF28CFF7F2004AB86A /* flixster */ = {
			isa = PBXGroup;
			children = (
				389C34D028CFF7F2004AB86A /* AppDelegate.swift */,
				389C34D228CFF7F2004AB86A /* SceneDelegate.swift */,
				389C34D428CFF7F2004AB86A /* ViewController.swift */,
				3837E52028D00C1E0042F9B7 /* movieCell.swift */,
				389C34D628CFF7F2004AB86A /* Main.storyboard */,
				389C34D928CFF7F3004AB86A /* Assets.xcassets */,
				389C34DB28CFF7F3004AB86A /* LaunchScreen.storyboard */,
				389C34DE28CFF7F3004AB86A /* Info.plist */,
			);
			path = flixster;
			sourceTree = "<group>";
		};
		389C34E628CFF7F3004AB86A /* flixsterTests */ = {
			isa = PBXGroup;
			children = (
				389C34E728CFF7F3004AB86A /* flixsterTests.swift */,
			);
			path = flixsterTests;
			sourceTree = "<group>";
		};
		389C34F028CFF7F3004AB86A /* flixsterUITests */ = {
			isa = PBXGroup;
			children = (
				389C34F128CFF7F3004AB86A /* flixsterUITests.swift */,
				389C34F328CFF7F3004AB86A /* flixsterUITestsLaunchTests.swift */,
			);
			path = flixsterUITests;
			sourceTree = "<group>";
		};
		A4BDA800DF9674644887E5EC /* Frameworks */ = {
			isa = PBXGroup;
			children = (
				07F6FF04F5B666CAFFD82B00 /* Pods_flixster.framework */,
				E98BAE73C095092212051831 /* Pods_flixster_flixsterUITests.framework */,
				EFCE2C19770C15522D604666 /* Pods_flixsterTests.framework */,
			);
			name = Frameworks;
			sourceTree = "<group>";
		};
		F61150CA4F5BA53EFCF148E0 /* Pods */ = {
			isa = PBXGroup;
			children = (
				4283087D5E40C882B0DE4065 /* Pods-flixster.debug.xcconfig */,
				9611DA0ADAD1ACC15AF80C68 /* Pods-flixster.release.xcconfig */,
				39A4445AF6205D454EF07A06 /* Pods-flixster-flixsterUITests.debug.xcconfig */,
				239FE6292EE1BA23F8D0AE3F /* Pods-flixster-flixsterUITests.release.xcconfig */,
				5466EF5311170672A4275C12 /* Pods-flixsterTests.debug.xcconfig */,
				26EDDEFD052FB60A631DA5D0 /* Pods-flixsterTests.release.xcconfig */,
			);
			name = Pods;
			path = Pods;
			sourceTree = "<group>";
		};
/* End PBXGroup section */

/* Begin PBXNativeTarget section */
		389C34CC28CFF7F2004AB86A /* flixster */ = {
			isa = PBXNativeTarget;
			buildConfigurationList = 389C34F728CFF7F3004AB86A /* Build configuration list for PBXNativeTarget "flixster" */;
			buildPhases = (
				9EC9164F5BCC1CA0A6D38352 /* [CP] Check Pods Manifest.lock */,
				389C34C928CFF7F2004AB86A /* Sources */,
				389C34CA28CFF7F2004AB86A /* Frameworks */,
				389C34CB28CFF7F2004AB86A /* Resources */,
				3FD272653CE91E32F602E766 /* [CP] Embed Pods Frameworks */,
			);
			buildRules = (
			);
			dependencies = (
			);
			name = flixster;
			packageProductDependencies = (
				3837E52328D00F020042F9B7 /* AlamofireImage */,
			);
			productName = flixster;
			productReference = 389C34CD28CFF7F2004AB86A /* flixster.app */;
			productType = "com.apple.product-type.application";
		};
		389C34E228CFF7F3004AB86A /* flixsterTests */ = {
			isa = PBXNativeTarget;
			buildConfigurationList = 389C34FA28CFF7F3004AB86A /* Build configuration list for PBXNativeTarget "flixsterTests" */;
			buildPhases = (
				1BCBE5ECE18DD35BAA8834F8 /* [CP] Check Pods Manifest.lock */,
				389C34DF28CFF7F3004AB86A /* Sources */,
				389C34E028CFF7F3004AB86A /* Frameworks */,
				389C34E128CFF7F3004AB86A /* Resources */,
			);
			buildRules = (
			);
			dependencies = (
				389C34E528CFF7F3004AB86A /* PBXTargetDependency */,
			);
			name = flixsterTests;
			productName = flixsterTests;
			productReference = 389C34E328CFF7F3004AB86A /* flixsterTests.xctest */;
			productType = "com.apple.product-type.bundle.unit-test";
		};
		389C34EC28CFF7F3004AB86A /* flixsterUITests */ = {
			isa = PBXNativeTarget;
			buildConfigurationList = 389C34FD28CFF7F3004AB86A /* Build configuration list for PBXNativeTarget "flixsterUITests" */;
			buildPhases = (
				39DE90BBB8A03ACC54BFF820 /* [CP] Check Pods Manifest.lock */,
				389C34E928CFF7F3004AB86A /* Sources */,
				389C34EA28CFF7F3004AB86A /* Frameworks */,
				389C34EB28CFF7F3004AB86A /* Resources */,
				CF93F1F1E5B5162A52A192AE /* [CP] Embed Pods Frameworks */,
			);
			buildRules = (
			);
			dependencies = (
				389C34EF28CFF7F3004AB86A /* PBXTargetDependency */,
			);
			name = flixsterUITests;
			productName = flixsterUITests;
			productReference = 389C34ED28CFF7F3004AB86A /* flixsterUITests.xctest */;
			productType = "com.apple.product-type.bundle.ui-testing";
		};
/* End PBXNativeTarget section */

/* Begin PBXProject section */
		389C34C528CFF7F2004AB86A /* Project object */ = {
			isa = PBXProject;
			attributes = {
				BuildIndependentTargetsInParallel = 1;
				LastSwiftUpdateCheck = 1340;
				LastUpgradeCheck = 1340;
				TargetAttributes = {
					389C34CC28CFF7F2004AB86A = {
						CreatedOnToolsVersion = 13.4.1;
					};
					389C34E228CFF7F3004AB86A = {
						CreatedOnToolsVersion = 13.4.1;
						TestTargetID = 389C34CC28CFF7F2004AB86A;
					};
					389C34EC28CFF7F3004AB86A = {
						CreatedOnToolsVersion = 13.4.1;
						TestTargetID = 389C34CC28CFF7F2004AB86A;
					};
				};
			};
			buildConfigurationList = 389C34C828CFF7F2004AB86A /* Build configuration list for PBXProject "flixster" */;
			compatibilityVersion = "Xcode 13.0";
			developmentRegion = en;
			hasScannedForEncodings = 0;
			knownRegions = (
				en,
				Base,
			);
			mainGroup = 389C34C428CFF7F2004AB86A;
			packageReferences = (
				3837E52228D00F020042F9B7 /* XCRemoteSwiftPackageReference "AlamofireImage" */,
			);
			productRefGroup = 389C34CE28CFF7F2004AB86A /* Products */;
			projectDirPath = "";
			projectRoot = "";
			targets = (
				389C34CC28CFF7F2004AB86A /* flixster */,
				389C34E228CFF7F3004AB86A /* flixsterTests */,
				389C34EC28CFF7F3004AB86A /* flixsterUITests */,
			);
		};
/* End PBXProject section */

/* Begin PBXResourcesBuildPhase section */
		389C34CB28CFF7F2004AB86A /* Resources */ = {
			isa = PBXResourcesBuildPhase;
			buildActionMask = 2147483647;
			files = (
				389C34DD28CFF7F3004AB86A /* LaunchScreen.storyboard in Resources */,
				389C34DA28CFF7F3004AB86A /* Assets.xcassets in Resources */,
				389C34D828CFF7F2004AB86A /* Main.storyboard in Resources */,
			);
			runOnlyForDeploymentPostprocessing = 0;
		};
		389C34E128CFF7F3004AB86A /* Resources */ = {
			isa = PBXResourcesBuildPhase;
			buildActionMask = 2147483647;
			files = (
			);
			runOnlyForDeploymentPostprocessing = 0;
		};
		389C34EB28CFF7F3004AB86A /* Resources */ = {
			isa = PBXResourcesBuildPhase;
			buildActionMask = 2147483647;
			files = (
			);
			runOnlyForDeploymentPostprocessing = 0;
		};
/* End PBXResourcesBuildPhase section */

/* Begin PBXShellScriptBuildPhase section */
		1BCBE5ECE18DD35BAA8834F8 /* [CP] Check Pods Manifest.lock */ = {
			isa = PBXShellScriptBuildPhase;
			buildActionMask = 2147483647;
			files = (
			);
			inputFileListPaths = (
			);
			inputPaths = (
				"${PODS_PODFILE_DIR_PATH}/Podfile.lock",
				"${PODS_ROOT}/Manifest.lock",
			);
			name = "[CP] Check Pods Manifest.lock";
			outputFileListPaths = (
			);
			outputPaths = (
				"$(DERIVED_FILE_DIR)/Pods-flixsterTests-checkManifestLockResult.txt",
			);
			runOnlyForDeploymentPostprocessing = 0;
			shellPath = /bin/sh;
			shellScript = "diff \"${PODS_PODFILE_DIR_PATH}/Podfile.lock\" \"${PODS_ROOT}/Manifest.lock\" > /dev/null\nif [ $? != 0 ] ; then\n    # print error to STDERR\n    echo \"error: The sandbox is not in sync with the Podfile.lock. Run 'pod install' or update your CocoaPods installation.\" >&2\n    exit 1\nfi\n# This output is used by Xcode 'outputs' to avoid re-running this script phase.\necho \"SUCCESS\" > \"${SCRIPT_OUTPUT_FILE_0}\"\n";
			showEnvVarsInLog = 0;
		};
		39DE90BBB8A03ACC54BFF820 /* [CP] Check Pods Manifest.lock */ = {
			isa = PBXShellScriptBuildPhase;
			buildActionMask = 2147483647;
			files = (
			);
			inputFileListPaths = (
			);
			inputPaths = (
				"${PODS_PODFILE_DIR_PATH}/Podfile.lock",
				"${PODS_ROOT}/Manifest.lock",
			);
			name = "[CP] Check Pods Manifest.lock";
			outputFileListPaths = (
			);
			outputPaths = (
				"$(DERIVED_FILE_DIR)/Pods-flixster-flixsterUITests-checkManifestLockResult.txt",
			);
			runOnlyForDeploymentPostprocessing = 0;
			shellPath = /bin/sh;
			shellScript = "diff \"${PODS_PODFILE_DIR_PATH}/Podfile.lock\" \"${PODS_ROOT}/Manifest.lock\" > /dev/null\nif [ $? != 0 ] ; then\n    # print error to STDERR\n    echo \"error: The sandbox is not in sync with the Podfile.lock. Run 'pod install' or update your CocoaPods installation.\" >&2\n    exit 1\nfi\n# This output is used by Xcode 'outputs' to avoid re-running this script phase.\necho \"SUCCESS\" > \"${SCRIPT_OUTPUT_FILE_0}\"\n";
			showEnvVarsInLog = 0;
		};
		3FD272653CE91E32F602E766 /* [CP] Embed Pods Frameworks */ = {
			isa = PBXShellScriptBuildPhase;
			buildActionMask = 2147483647;
			files = (
			);
			inputFileListPaths = (
				"${PODS_ROOT}/Target Support Files/Pods-flixster/Pods-flixster-frameworks-${CONFIGURATION}-input-files.xcfilelist",
			);
			name = "[CP] Embed Pods Frameworks";
			outputFileListPaths = (
				"${PODS_ROOT}/Target Support Files/Pods-flixster/Pods-flixster-frameworks-${CONFIGURATION}-output-files.xcfilelist",
			);
			runOnlyForDeploymentPostprocessing = 0;
			shellPath = /bin/sh;
			shellScript = "\"${PODS_ROOT}/Target Support Files/Pods-flixster/Pods-flixster-frameworks.sh\"\n";
			showEnvVarsInLog = 0;
		};
		9EC9164F5BCC1CA0A6D38352 /* [CP] Check Pods Manifest.lock */ = {
			isa = PBXShellScriptBuildPhase;
			buildActionMask = 2147483647;
			files = (
			);
			inputFileListPaths = (
			);
			inputPaths = (
				"${PODS_PODFILE_DIR_PATH}/Podfile.lock",
				"${PODS_ROOT}/Manifest.lock",
			);
			name = "[CP] Check Pods Manifest.lock";
			outputFileListPaths = (
			);
			outputPaths = (
				"$(DERIVED_FILE_DIR)/Pods-flixster-checkManifestLockResult.txt",
			);
			runOnlyForDeploymentPostprocessing = 0;
			shellPath = /bin/sh;
			shellScript = "diff \"${PODS_PODFILE_DIR_PATH}/Podfile.lock\" \"${PODS_ROOT}/Manifest.lock\" > /dev/null\nif [ $? != 0 ] ; then\n    # print error to STDERR\n    echo \"error: The sandbox is not in sync with the Podfile.lock. Run 'pod install' or update your CocoaPods installation.\" >&2\n    exit 1\nfi\n# This output is used by Xcode 'outputs' to avoid re-running this script phase.\necho \"SUCCESS\" > \"${SCRIPT_OUTPUT_FILE_0}\"\n";
			showEnvVarsInLog = 0;
		};
		CF93F1F1E5B5162A52A192AE /* [CP] Embed Pods Frameworks */ = {
			isa = PBXShellScriptBuildPhase;
			buildActionMask = 2147483647;
			files = (
			);
			inputFileListPaths = (
				"${PODS_ROOT}/Target Support Files/Pods-flixster-flixsterUITests/Pods-flixster-flixsterUITests-frameworks-${CONFIGURATION}-input-files.xcfilelist",
			);
			name = "[CP] Embed Pods Frameworks";
			outputFileListPaths = (
				"${PODS_ROOT}/Target Support Files/Pods-flixster-flixsterUITests/Pods-flixster-flixsterUITests-frameworks-${CONFIGURATION}-output-files.xcfilelist",
			);
			runOnlyForDeploymentPostprocessing = 0;
			shellPath = /bin/sh;
			shellScript = "\"${PODS_ROOT}/Target Support Files/Pods-flixster-flixsterUITests/Pods-flixster-flixsterUITests-frameworks.sh\"\n";
			showEnvVarsInLog = 0;
		};
/* End PBXShellScriptBuildPhase section */

/* Begin PBXSourcesBuildPhase section */
		389C34C928CFF7F2004AB86A /* Sources */ = {
			isa = PBXSourcesBuildPhase;
			buildActionMask = 2147483647;
			files = (
				389C34D528CFF7F2004AB86A /* ViewController.swift in Sources */,
				389C34D128CFF7F2004AB86A /* AppDelegate.swift in Sources */,
				3837E52128D00C1E0042F9B7 /* movieCell.swift in Sources */,
				389C34D328CFF7F2004AB86A /* SceneDelegate.swift in Sources */,
			);
			runOnlyForDeploymentPostprocessing = 0;
		};
		389C34DF28CFF7F3004AB86A /* Sources */ = {
			isa = PBXSourcesBuildPhase;
			buildActionMask = 2147483647;
			files = (
				389C34E828CFF7F3004AB86A /* flixsterTests.swift in Sources */,
			);
			runOnlyForDeploymentPostprocessing = 0;
		};
		389C34E928CFF7F3004AB86A /* Sources */ = {
			isa = PBXSourcesBuildPhase;
			buildActionMask = 2147483647;
			files = (
				389C34F428CFF7F3004AB86A /* flixsterUITestsLaunchTests.swift in Sources */,
				389C34F228CFF7F3004AB86A /* flixsterUITests.swift in Sources */,
			);
			runOnlyForDeploymentPostprocessing = 0;
		};
/* End PBXSourcesBuildPhase section */

/* Begin PBXTargetDependency section */
		389C34E528CFF7F3004AB86A /* PBXTargetDependency */ = {
			isa = PBXTargetDependency;
			target = 389C34CC28CFF7F2004AB86A /* flixster */;
			targetProxy = 389C34E428CFF7F3004AB86A /* PBXContainerItemProxy */;
		};
		389C34EF28CFF7F3004AB86A /* PBXTargetDependency */ = {
			isa = PBXTargetDependency;
			target = 389C34CC28CFF7F2004AB86A /* flixster */;
			targetProxy = 389C34EE28CFF7F3004AB86A /* PBXContainerItemProxy */;
		};
/* End PBXTargetDependency section */

/* Begin PBXVariantGroup section */
		389C34D628CFF7F2004AB86A /* Main.storyboard */ = {
			isa = PBXVariantGroup;
			children = (
				389C34D728CFF7F2004AB86A /* Base */,
			);
			name = Main.storyboard;
			sourceTree = "<group>";
		};
		389C34DB28CFF7F3004AB86A /* LaunchScreen.storyboard */ = {
			isa = PBXVariantGroup;
			children = (
				389C34DC28CFF7F3004AB86A /* Base */,
			);
			name = LaunchScreen.storyboard;
			sourceTree = "<group>";
		};
/* End PBXVariantGroup section */

/* Begin XCBuildConfiguration section */
		389C34F528CFF7F3004AB86A /* Debug */ = {
			isa = XCBuildConfiguration;
			buildSettings = {
				ALWAYS_SEARCH_USER_PATHS = NO;
				CLANG_ANALYZER_NONNULL = YES;
				CLANG_ANALYZER_NUMBER_OBJECT_CONVERSION = YES_AGGRESSIVE;
				CLANG_CXX_LANGUAGE_STANDARD = "gnu++17";
				CLANG_ENABLE_MODULES = YES;
				CLANG_ENABLE_OBJC_ARC = YES;
				CLANG_ENABLE_OBJC_WEAK = YES;
				CLANG_WARN_BLOCK_CAPTURE_AUTORELEASING = YES;
				CLANG_WARN_BOOL_CONVERSION = YES;
				CLANG_WARN_COMMA = YES;
				CLANG_WARN_CONSTANT_CONVERSION = YES;
				CLANG_WARN_DEPRECATED_OBJC_IMPLEMENTATIONS = YES;
				CLANG_WARN_DIRECT_OBJC_ISA_USAGE = YES_ERROR;
				CLANG_WARN_DOCUMENTATION_COMMENTS = YES;
				CLANG_WARN_EMPTY_BODY = YES;
				CLANG_WARN_ENUM_CONVERSION = YES;
				CLANG_WARN_INFINITE_RECURSION = YES;
				CLANG_WARN_INT_CONVERSION = YES;
				CLANG_WARN_NON_LITERAL_NULL_CONVERSION = YES;
				CLANG_WARN_OBJC_IMPLICIT_RETAIN_SELF = YES;
				CLANG_WARN_OBJC_LITERAL_CONVERSION = YES;
				CLANG_WARN_OBJC_ROOT_CLASS = YES_ERROR;
				CLANG_WARN_QUOTED_INCLUDE_IN_FRAMEWORK_HEADER = YES;
				CLANG_WARN_RANGE_LOOP_ANALYSIS = YES;
				CLANG_WARN_STRICT_PROTOTYPES = YES;
				CLANG_WARN_SUSPICIOUS_MOVE = YES;
				CLANG_WARN_UNGUARDED_AVAILABILITY = YES_AGGRESSIVE;
				CLANG_WARN_UNREACHABLE_CODE = YES;
				CLANG_WARN__DUPLICATE_METHOD_MATCH = YES;
				COPY_PHASE_STRIP = NO;
				DEBUG_INFORMATION_FORMAT = dwarf;
				ENABLE_STRICT_OBJC_MSGSEND = YES;
				ENABLE_TESTABILITY = YES;
				GCC_C_LANGUAGE_STANDARD = gnu11;
				GCC_DYNAMIC_NO_PIC = NO;
				GCC_NO_COMMON_BLOCKS = YES;
				GCC_OPTIMIZATION_LEVEL = 0;
				GCC_PREPROCESSOR_DEFINITIONS = (
					"DEBUG=1",
					"$(inherited)",
				);
				GCC_WARN_64_TO_32_BIT_CONVERSION = YES;
				GCC_WARN_ABOUT_RETURN_TYPE = YES_ERROR;
				GCC_WARN_UNDECLARED_SELECTOR = YES;
				GCC_WARN_UNINITIALIZED_AUTOS = YES_AGGRESSIVE;
				GCC_WARN_UNUSED_FUNCTION = YES;
				GCC_WARN_UNUSED_VARIABLE = YES;
				IPHONEOS_DEPLOYMENT_TARGET = 15.5;
				MTL_ENABLE_DEBUG_INFO = INCLUDE_SOURCE;
				MTL_FAST_MATH = YES;
				ONLY_ACTIVE_ARCH = YES;
				SDKROOT = iphoneos;
				SWIFT_ACTIVE_COMPILATION_CONDITIONS = DEBUG;
				SWIFT_OPTIMIZATION_LEVEL = "-Onone";
			};
			name = Debug;
		};
		389C34F628CFF7F3004AB86A /* Release */ = {
			isa = XCBuildConfiguration;
			buildSettings = {
				ALWAYS_SEARCH_USER_PATHS = NO;
				CLANG_ANALYZER_NONNULL = YES;
				CLANG_ANALYZER_NUMBER_OBJECT_CONVERSION = YES_AGGRESSIVE;
				CLANG_CXX_LANGUAGE_STANDARD = "gnu++17";
				CLANG_ENABLE_MODULES = YES;
				CLANG_ENABLE_OBJC_ARC = YES;
				CLANG_ENABLE_OBJC_WEAK = YES;
				CLANG_WARN_BLOCK_CAPTURE_AUTORELEASING = YES;
				CLANG_WARN_BOOL_CONVERSION = YES;
				CLANG_WARN_COMMA = YES;
				CLANG_WARN_CONSTANT_CONVERSION = YES;
				CLANG_WARN_DEPRECATED_OBJC_IMPLEMENTATIONS = YES;
				CLANG_WARN_DIRECT_OBJC_ISA_USAGE = YES_ERROR;
				CLANG_WARN_DOCUMENTATION_COMMENTS = YES;
				CLANG_WARN_EMPTY_BODY = YES;
				CLANG_WARN_ENUM_CONVERSION = YES;
				CLANG_WARN_INFINITE_RECURSION = YES;
				CLANG_WARN_INT_CONVERSION = YES;
				CLANG_WARN_NON_LITERAL_NULL_CONVERSION = YES;
				CLANG_WARN_OBJC_IMPLICIT_RETAIN_SELF = YES;
				CLANG_WARN_OBJC_LITERAL_CONVERSION = YES;
				CLANG_WARN_OBJC_ROOT_CLASS = YES_ERROR;
				CLANG_WARN_QUOTED_INCLUDE_IN_FRAMEWORK_HEADER = YES;
				CLANG_WARN_RANGE_LOOP_ANALYSIS = YES;
				CLANG_WARN_STRICT_PROTOTYPES = YES;
				CLANG_WARN_SUSPICIOUS_MOVE = YES;
				CLANG_WARN_UNGUARDED_AVAILABILITY = YES_AGGRESSIVE;
				CLANG_WARN_UNREACHABLE_CODE = YES;
				CLANG_WARN__DUPLICATE_METHOD_MATCH = YES;
				COPY_PHASE_STRIP = NO;
				DEBUG_INFORMATION_FORMAT = "dwarf-with-dsym";
				ENABLE_NS_ASSERTIONS = NO;
				ENABLE_STRICT_OBJC_MSGSEND = YES;
				GCC_C_LANGUAGE_STANDARD = gnu11;
				GCC_NO_COMMON_BLOCKS = YES;
				GCC_WARN_64_TO_32_BIT_CONVERSION = YES;
				GCC_WARN_ABOUT_RETURN_TYPE = YES_ERROR;
				GCC_WARN_UNDECLARED_SELECTOR = YES;
				GCC_WARN_UNINITIALIZED_AUTOS = YES_AGGRESSIVE;
				GCC_WARN_UNUSED_FUNCTION = YES;
				GCC_WARN_UNUSED_VARIABLE = YES;
				IPHONEOS_DEPLOYMENT_TARGET = 15.5;
				MTL_ENABLE_DEBUG_INFO = NO;
				MTL_FAST_MATH = YES;
				SDKROOT = iphoneos;
				SWIFT_COMPILATION_MODE = wholemodule;
				SWIFT_OPTIMIZATION_LEVEL = "-O";
				VALIDATE_PRODUCT = YES;
			};
			name = Release;
		};
		389C34F828CFF7F3004AB86A /* Debug */ = {
			isa = XCBuildConfiguration;
			baseConfigurationReference = 4283087D5E40C882B0DE4065 /* Pods-flixster.debug.xcconfig */;
			buildSettings = {
				ASSETCATALOG_COMPILER_APPICON_NAME = AppIcon;
				ASSETCATALOG_COMPILER_GLOBAL_ACCENT_COLOR_NAME = AccentColor;
				CODE_SIGN_STYLE = Automatic;
				CURRENT_PROJECT_VERSION = 1;
				DEVELOPMENT_TEAM = 4JD6CQKKBZ;
				GENERATE_INFOPLIST_FILE = YES;
				INFOPLIST_FILE = flixster/Info.plist;
				INFOPLIST_KEY_UIApplicationSupportsIndirectInputEvents = YES;
				INFOPLIST_KEY_UILaunchStoryboardName = LaunchScreen;
				INFOPLIST_KEY_UIMainStoryboardFile = Main;
				INFOPLIST_KEY_UISupportedInterfaceOrientations_iPad = "UIInterfaceOrientationPortrait UIInterfaceOrientationPortraitUpsideDown UIInterfaceOrientationLandscapeLeft UIInterfaceOrientationLandscapeRight";
				INFOPLIST_KEY_UISupportedInterfaceOrientations_iPhone = "UIInterfaceOrientationPortrait UIInterfaceOrientationLandscapeLeft UIInterfaceOrientationLandscapeRight";
				LD_RUNPATH_SEARCH_PATHS = (
					"$(inherited)",
					"@executable_path/Frameworks",
				);
				MARKETING_VERSION = 1.0;
				PRODUCT_BUNDLE_IDENTIFIER = com.chaitra2304.flixster;
				PRODUCT_NAME = "$(TARGET_NAME)";
				SWIFT_EMIT_LOC_STRINGS = YES;
				SWIFT_VERSION = 5.0;
				TARGETED_DEVICE_FAMILY = "1,2";
			};
			name = Debug;
		};
		389C34F928CFF7F3004AB86A /* Release */ = {
			isa = XCBuildConfiguration;
			baseConfigurationReference = 9611DA0ADAD1ACC15AF80C68 /* Pods-flixster.release.xcconfig */;
			buildSettings = {
				ASSETCATALOG_COMPILER_APPICON_NAME = AppIcon;
				ASSETCATALOG_COMPILER_GLOBAL_ACCENT_COLOR_NAME = AccentColor;
				CODE_SIGN_STYLE = Automatic;
				CURRENT_PROJECT_VERSION = 1;
				DEVELOPMENT_TEAM = 4JD6CQKKBZ;
				GENERATE_INFOPLIST_FILE = YES;
				INFOPLIST_FILE = flixster/Info.plist;
				INFOPLIST_KEY_UIApplicationSupportsIndirectInputEvents = YES;
				INFOPLIST_KEY_UILaunchStoryboardName = LaunchScreen;
				INFOPLIST_KEY_UIMainStoryboardFile = Main;
				INFOPLIST_KEY_UISupportedInterfaceOrientations_iPad = "UIInterfaceOrientationPortrait UIInterfaceOrientationPortraitUpsideDown UIInterfaceOrientationLandscapeLeft UIInterfaceOrientationLandscapeRight";
				INFOPLIST_KEY_UISupportedInterfaceOrientations_iPhone = "UIInterfaceOrientationPortrait UIInterfaceOrientationLandscapeLeft UIInterfaceOrientationLandscapeRight";
				LD_RUNPATH_SEARCH_PATHS = (
					"$(inherited)",
					"@executable_path/Frameworks",
				);
				MARKETING_VERSION = 1.0;
				PRODUCT_BUNDLE_IDENTIFIER = com.chaitra2304.flixster;
				PRODUCT_NAME = "$(TARGET_NAME)";
				SWIFT_EMIT_LOC_STRINGS = YES;
				SWIFT_VERSION = 5.0;
				TARGETED_DEVICE_FAMILY = "1,2";
			};
			name = Release;
		};
		389C34FB28CFF7F3004AB86A /* Debug */ = {
			isa = XCBuildConfiguration;
			baseConfigurationReference = 5466EF5311170672A4275C12 /* Pods-flixsterTests.debug.xcconfig */;
			buildSettings = {
				ALWAYS_EMBED_SWIFT_STANDARD_LIBRARIES = YES;
				BUNDLE_LOADER = "$(TEST_HOST)";
				CODE_SIGN_STYLE = Automatic;
				CURRENT_PROJECT_VERSION = 1;
				DEVELOPMENT_TEAM = 4JD6CQKKBZ;
				GENERATE_INFOPLIST_FILE = YES;
				IPHONEOS_DEPLOYMENT_TARGET = 15.5;
				MARKETING_VERSION = 1.0;
				PRODUCT_BUNDLE_IDENTIFIER = com.chaitra2304.flixsterTests;
				PRODUCT_NAME = "$(TARGET_NAME)";
				SWIFT_EMIT_LOC_STRINGS = NO;
				SWIFT_VERSION = 5.0;
				TARGETED_DEVICE_FAMILY = "1,2";
				TEST_HOST = "$(BUILT_PRODUCTS_DIR)/flixster.app/flixster";
			};
			name = Debug;
		};
		389C34FC28CFF7F3004AB86A /* Release */ = {
			isa = XCBuildConfiguration;
			baseConfigurationReference = 26EDDEFD052FB60A631DA5D0 /* Pods-flixsterTests.release.xcconfig */;
			buildSettings = {
				ALWAYS_EMBED_SWIFT_STANDARD_LIBRARIES = YES;
				BUNDLE_LOADER = "$(TEST_HOST)";
				CODE_SIGN_STYLE = Automatic;
				CURRENT_PROJECT_VERSION = 1;
				DEVELOPMENT_TEAM = 4JD6CQKKBZ;
				GENERATE_INFOPLIST_FILE = YES;
				IPHONEOS_DEPLOYMENT_TARGET = 15.5;
				MARKETING_VERSION = 1.0;
				PRODUCT_BUNDLE_IDENTIFIER = com.chaitra2304.flixsterTests;
				PRODUCT_NAME = "$(TARGET_NAME)";
				SWIFT_EMIT_LOC_STRINGS = NO;
				SWIFT_VERSION = 5.0;
				TARGETED_DEVICE_FAMILY = "1,2";
				TEST_HOST = "$(BUILT_PRODUCTS_DIR)/flixster.app/flixster";
			};
			name = Release;
		};
		389C34FE28CFF7F3004AB86A /* Debug */ = {
			isa = XCBuildConfiguration;
			baseConfigurationReference = 39A4445AF6205D454EF07A06 /* Pods-flixster-flixsterUITests.debug.xcconfig */;
			buildSettings = {
				ALWAYS_EMBED_SWIFT_STANDARD_LIBRARIES = YES;
				CODE_SIGN_STYLE = Automatic;
				CURRENT_PROJECT_VERSION = 1;
				DEVELOPMENT_TEAM = 4JD6CQKKBZ;
				GENERATE_INFOPLIST_FILE = YES;
				MARKETING_VERSION = 1.0;
				PRODUCT_BUNDLE_IDENTIFIER = com.chaitra2304.flixsterUITests;
				PRODUCT_NAME = "$(TARGET_NAME)";
				SWIFT_EMIT_LOC_STRINGS = NO;
				SWIFT_VERSION = 5.0;
				TARGETED_DEVICE_FAMILY = "1,2";
				TEST_TARGET_NAME = flixster;
			};
			name = Debug;
		};
		389C34FF28CFF7F3004AB86A /* Release */ = {
			isa = XCBuildConfiguration;
			baseConfigurationReference = 239FE6292EE1BA23F8D0AE3F /* Pods-flixster-flixsterUITests.release.xcconfig */;
			buildSettings = {
				ALWAYS_EMBED_SWIFT_STANDARD_LIBRARIES = YES;
				CODE_SIGN_STYLE = Automatic;
				CURRENT_PROJECT_VERSION = 1;
				DEVELOPMENT_TEAM = 4JD6CQKKBZ;
				GENERATE_INFOPLIST_FILE = YES;
				MARKETING_VERSION = 1.0;
				PRODUCT_BUNDLE_IDENTIFIER = com.chaitra2304.flixsterUITests;
				PRODUCT_NAME = "$(TARGET_NAME)";
				SWIFT_EMIT_LOC_STRINGS = NO;
				SWIFT_VERSION = 5.0;
				TARGETED_DEVICE_FAMILY = "1,2";
				TEST_TARGET_NAME = flixster;
			};
			name = Release;
		};
/* End XCBuildConfiguration section */

/* Begin XCConfigurationList section */
		389C34C828CFF7F2004AB86A /* Build configuration list for PBXProject "flixster" */ = {
			isa = XCConfigurationList;
			buildConfigurations = (
				389C34F528CFF7F3004AB86A /* Debug */,
				389C34F628CFF7F3004AB86A /* Release */,
			);
			defaultConfigurationIsVisible = 0;
			defaultConfigurationName = Release;
		};
		389C34F728CFF7F3004AB86A /* Build configuration list for PBXNativeTarget "flixster" */ = {
			isa = XCConfigurationList;
			buildConfigurations = (
				389C34F828CFF7F3004AB86A /* Debug */,
				389C34F928CFF7F3004AB86A /* Release */,
			);
			defaultConfigurationIsVisible = 0;
			defaultConfigurationName = Release;
		};
		389C34FA28CFF7F3004AB86A /* Build configuration list for PBXNativeTarget "flixsterTests" */ = {
			isa = XCConfigurationList;
			buildConfigurations = (
				389C34FB28CFF7F3004AB86A /* Debug */,
				389C34FC28CFF7F3004AB86A /* Release */,
			);
			defaultConfigurationIsVisible = 0;
			defaultConfigurationName = Release;
		};
		389C34FD28CFF7F3004AB86A /* Build configuration list for PBXNativeTarget "flixsterUITests" */ = {
			isa = XCConfigurationList;
			buildConfigurations = (
				389C34FE28CFF7F3004AB86A /* Debug */,
				389C34FF28CFF7F3004AB86A /* Release */,
			);
			defaultConfigurationIsVisible = 0;
			defaultConfigurationName = Release;
		};
/* End XCConfigurationList section */

/* Begin XCRemoteSwiftPackageReference section */
		3837E52228D00F020042F9B7 /* XCRemoteSwiftPackageReference "AlamofireImage" */ = {
			isa = XCRemoteSwiftPackageReference;
			repositoryURL = "https://github.com/Alamofire/AlamofireImage";
			requirement = {
				kind = upToNextMajorVersion;
				minimumVersion = 4.0.0;
			};
		};
/* End XCRemoteSwiftPackageReference section */

/* Begin XCSwiftPackageProductDependency section */
		3837E52328D00F020042F9B7 /* AlamofireImage */ = {
			isa = XCSwiftPackageProductDependency;
			package = 3837E52228D00F020042F9B7 /* XCRemoteSwiftPackageReference "AlamofireImage" */;
			productName = AlamofireImage;
		};
/* End XCSwiftPackageProductDependency section */
	};
	rootObject = 389C34C528CFF7F2004AB86A /* Project object */;
}
